
Microsoft Visual Studio Solution File, Format Version 12.00
# Visual Studio Version 16
VisualStudioVersion = 16.0.30621.155
MinimumVisualStudioVersion = 10.0.40219.1
Project("{FAE04EC0-301F-11D3-BF4B-00C04F79EFBC}") = "Zpracovanie_vykazov", "Zpracovanie_vykazov.csproj", "{16349094-A2CF-4A42-892A-F63B3AD613D0}"
EndProject
Global
	GlobalSection(SolutionConfigurationPlatforms) = preSolution
		Debug|Any CPU = Debug|Any CPU
		Release|Any CPU = Release|Any CPU
	EndGlobalSection
	GlobalSection(ProjectConfigurationPlatforms) = postSolution
		{16349094-A2CF-4A42-892A-F63B3AD613D0}.Debug|Any CPU.ActiveCfg = Debug|Any CPU
		{16349094-A2CF-4A42-892A-F63B3AD613D0}.Debug|Any CPU.Build.0 = Debug|Any CPU
		{16349094-A2CF-4A42-892A-F63B3AD613D0}.Release|Any CPU.ActiveCfg = Release|Any CPU
		{16349094-A2CF-4A42-892A-F63B3AD613D0}.Release|Any CPU.Build.0 = Release|Any CPU
	EndGlobalSection
	GlobalSection(SolutionProperties) = preSolution
		HideSolutionNode = FALSE
	EndGlobalSection
	GlobalSection(ExtensibilityGlobals) = postSolution
		SolutionGuid = {EB8E6160-EE1E-4962-824D-FC3D92B987C4}
	EndGlobalSection
EndGlobal
